// !$*UTF8*$!
{
	archiveVersion = 1;
	classes = {
	};
	objectVersion = 46;
	objects = {

/* Begin PBXBuildFile section */
		3F86C63A1C46B90E00226AF7 /* AppDelegate.swift in Sources */ = {isa = PBXBuildFile; fileRef = 3F86C6391C46B90E00226AF7 /* AppDelegate.swift */; };
		3F86C63C1C46B90E00226AF7 /* ViewController.swift in Sources */ = {isa = PBXBuildFile; fileRef = 3F86C63B1C46B90E00226AF7 /* ViewController.swift */; };
		3F86C63F1C46B90E00226AF7 /* Main.storyboard in Resources */ = {isa = PBXBuildFile; fileRef = 3F86C63D1C46B90E00226AF7 /* Main.storyboard */; };
		3F86C6411C46B90E00226AF7 /* Assets.xcassets in Resources */ = {isa = PBXBuildFile; fileRef = 3F86C6401C46B90E00226AF7 /* Assets.xcassets */; };
		3F86C6441C46B90E00226AF7 /* LaunchScreen.storyboard in Resources */ = {isa = PBXBuildFile; fileRef = 3F86C6421C46B90E00226AF7 /* LaunchScreen.storyboard */; };
		3F86C64F1C46B90E00226AF7 /* Table_View_PracticeTests.swift in Sources */ = {isa = PBXBuildFile; fileRef = 3F86C64E1C46B90E00226AF7 /* Table_View_PracticeTests.swift */; };
		3F86C65A1C46B90E00226AF7 /* Table_View_PracticeUITests.swift in Sources */ = {isa = PBXBuildFile; fileRef = 3F86C6591C46B90E00226AF7 /* Table_View_PracticeUITests.swift */; };
/* End PBXBuildFile section */

/* Begin PBXContainerItemProxy section */
		3F86C64B1C46B90E00226AF7 /* PBXContainerItemProxy */ = {
			isa = PBXContainerItemProxy;
			containerPortal = 3F86C62E1C46B90E00226AF7 /* Project object */;
			proxyType = 1;
			remoteGlobalIDString = 3F86C6351C46B90E00226AF7;
			remoteInfo = "Table View Practice";
		};
		3F86C6561C46B90E00226AF7 /* PBXContainerItemProxy */ = {
			isa = PBXContainerItemProxy;
			containerPortal = 3F86C62E1C46B90E00226AF7 /* Project object */;
			proxyType = 1;
			remoteGlobalIDString = 3F86C6351C46B90E00226AF7;
			remoteInfo = "Table View Practice";
		};
/* End PBXContainerItemProxy section */

/* Begin PBXFileReference section */
		3F86C6361C46B90E00226AF7 /* Table View Practice.app */ = {isa = PBXFileReference; explicitFileType = wrapper.application; includeInIndex = 0; path = "Table View Practice.app"; sourceTree = BUILT_PRODUCTS_DIR; };
		3F86C6391C46B90E00226AF7 /* AppDelegate.swift */ = {isa = PBXFileReference; lastKnownFileType = sourcecode.swift; path = AppDelegate.swift; sourceTree = "<group>"; };
		3F86C63B1C46B90E00226AF7 /* ViewController.swift */ = {isa = PBXFileReference; lastKnownFileType = sourcecode.swift; path = ViewController.swift; sourceTree = "<group>"; };
		3F86C63E1C46B90E00226AF7 /* Base */ = {isa = PBXFileReference; lastKnownFileType = file.storyboard; name = Base; path = Base.lproj/Main.storyboard; sourceTree = "<group>"; };
		3F86C6401C46B90E00226AF7 /* Assets.xcassets */ = {isa = PBXFileReference; lastKnownFileType = folder.assetcatalog; path = Assets.xcassets; sourceTree = "<group>"; };
		3F86C6431C46B90E00226AF7 /* Base */ = {isa = PBXFileReference; lastKnownFileType = file.storyboard; name = Base; path = Base.lproj/LaunchScreen.storyboard; sourceTree = "<group>"; };
		3F86C6451C46B90E00226AF7 /* Info.plist */ = {isa = PBXFileReference; lastKnownFileType = text.plist.xml; path = Info.plist; sourceTree = "<group>"; };
		3F86C64A1C46B90E00226AF7 /* Table View PracticeTests.xctest */ = {isa = PBXFileReference; explicitFileType = wrapper.cfbundle; includeInIndex = 0; path = "Table View PracticeTests.xctest"; sourceTree = BUILT_PRODUCTS_DIR; };
		3F86C64E1C46B90E00226AF7 /* Table_View_PracticeTests.swift */ = {isa = PBXFileReference; lastKnownFileType = sourcecode.swift; path = Table_View_PracticeTests.swift; sourceTree = "<group>"; };
		3F86C6501C46B90E00226AF7 /* Info.plist */ = {isa = PBXFileReference; lastKnownFileType = text.plist.xml; path = Info.plist; sourceTree = "<group>"; };
		3F86C6551C46B90E00226AF7 /* Table View PracticeUITests.xctest */ = {isa = PBXFileReference; explicitFileType = wrapper.cfbundle; includeInIndex = 0; path = "Table View PracticeUITests.xctest"; sourceTree = BUILT_PRODUCTS_DIR; };
		3F86C6591C46B90E00226AF7 /* Table_View_PracticeUITests.swift */ = {isa = PBXFileReference; lastKnownFileType = sourcecode.swift; path = Table_View_PracticeUITests.swift; sourceTree = "<group>"; };
		3F86C65B1C46B90E00226AF7 /* Info.plist */ = {isa = PBXFileReference; lastKnownFileType = text.plist.xml; path = Info.plist; sourceTree = "<group>"; };
/* End PBXFileReference section */

/* Begin PBXFrameworksBuildPhase section */
		3F86C6331C46B90E00226AF7 /* Frameworks */ = {
			isa = PBXFrameworksBuildPhase;
			buildActionMask = 2147483647;
			files = (
			);
			runOnlyForDeploymentPostprocessing = 0;
		};
		3F86C6471C46B90E00226AF7 /* Frameworks */ = {
			isa = PBXFrameworksBuildPhase;
			buildActionMask = 2147483647;
			files = (
			);
			runOnlyForDeploymentPostprocessing = 0;
		};
		3F86C6521C46B90E00226AF7 /* Frameworks */ = {
			isa = PBXFrameworksBuildPhase;
			buildActionMask = 2147483647;
			files = (
			);
			runOnlyForDeploymentPostprocessing = 0;
		};
/* End PBXFrameworksBuildPhase section */

/* Begin PBXGroup section */
		3F86C62D1C46B90E00226AF7 = {
			isa = PBXGroup;
			children = (
				3F86C6381C46B90E00226AF7 /* Table View Practice */,
				3F86C64D1C46B90E00226AF7 /* Table View PracticeTests */,
				3F86C6581C46B90E00226AF7 /* Table View PracticeUITests */,
				3F86C6371C46B90E00226AF7 /* Products */,
			);
			sourceTree = "<group>";
		};
		3F86C6371C46B90E00226AF7 /* Products */ = {
			isa = PBXGroup;
			children = (
				3F86C6361C46B90E00226AF7 /* Table View Practice.app */,
				3F86C64A1C46B90E00226AF7 /* Table View PracticeTests.xctest */,
				3F86C6551C46B90E00226AF7 /* Table View PracticeUITests.xctest */,
			);
			name = Products;
			sourceTree = "<group>";
		};
		3F86C6381C46B90E00226AF7 /* Table View Practice */ = {
			isa = PBXGroup;
			children = (
				3F86C6391C46B90E00226AF7 /* AppDelegate.swift */,
				3F86C63B1C46B90E00226AF7 /* ViewController.swift */,
				3F86C63D1C46B90E00226AF7 /* Main.storyboard */,
				3F86C6401C46B90E00226AF7 /* Assets.xcassets */,
				3F86C6421C46B90E00226AF7 /* LaunchScreen.storyboard */,
				3F86C6451C46B90E00226AF7 /* Info.plist */,
			);
			path = "Table View Practice";
			sourceTree = "<group>";
		};
		3F86C64D1C46B90E00226AF7 /* Table View PracticeTests */ = {
			isa = PBXGroup;
			children = (
				3F86C64E1C46B90E00226AF7 /* Table_View_PracticeTests.swift */,
				3F86C6501C46B90E00226AF7 /* Info.plist */,
			);
			path = "Table View PracticeTests";
			sourceTree = "<group>";
		};
		3F86C6581C46B90E00226AF7 /* Table View PracticeUITests */ = {
			isa = PBXGroup;
			children = (
				3F86C6591C46B90E00226AF7 /* Table_View_PracticeUITests.swift */,
				3F86C65B1C46B90E00226AF7 /* Info.plist */,
			);
			path = "Table View PracticeUITests";
			sourceTree = "<group>";
		};
/* End PBXGroup section */

/* Begin PBXNativeTarget section */
		3F86C6351C46B90E00226AF7 /* Table View Practice */ = {
			isa = PBXNativeTarget;
			buildConfigurationList = 3F86C65E1C46B90E00226AF7 /* Build configuration list for PBXNativeTarget "Table View Practice" */;
			buildPhases = (
				3F86C6321C46B90E00226AF7 /* Sources */,
				3F86C6331C46B90E00226AF7 /* Frameworks */,
				3F86C6341C46B90E00226AF7 /* Resources */,
			);
			buildRules = (
			);
			dependencies = (
			);
			name = "Table View Practice";
			productName = "Table View Practice";
			productReference = 3F86C6361C46B90E00226AF7 /* Table View Practice.app */;
			productType = "com.apple.product-type.application";
		};
		3F86C6491C46B90E00226AF7 /* Table View PracticeTests */ = {
			isa = PBXNativeTarget;
			buildConfigurationList = 3F86C6611C46B90E00226AF7 /* Build configuration list for PBXNativeTarget "Table View PracticeTests" */;
			buildPhases = (
				3F86C6461C46B90E00226AF7 /* Sources */,
				3F86C6471C46B90E00226AF7 /* Frameworks */,
				3F86C6481C46B90E00226AF7 /* Resources */,
			);
			buildRules = (
			);
			dependencies = (
				3F86C64C1C46B90E00226AF7 /* PBXTargetDependency */,
			);
			name = "Table View PracticeTests";
			productName = "Table View PracticeTests";
			productReference = 3F86C64A1C46B90E00226AF7 /* Table View PracticeTests.xctest */;
			productType = "com.apple.product-type.bundle.unit-test";
		};
		3F86C6541C46B90E00226AF7 /* Table View PracticeUITests */ = {
			isa = PBXNativeTarget;
			buildConfigurationList = 3F86C6641C46B90E00226AF7 /* Build configuration list for PBXNativeTarget "Table View PracticeUITests" */;
			buildPhases = (
				3F86C6511C46B90E00226AF7 /* Sources */,
				3F86C6521C46B90E00226AF7 /* Frameworks */,
				3F86C6531C46B90E00226AF7 /* Resources */,
			);
			buildRules = (
			);
			dependencies = (
				3F86C6571C46B90E00226AF7 /* PBXTargetDependency */,
			);
			name = "Table View PracticeUITests";
			productName = "Table View PracticeUITests";
			productReference = 3F86C6551C46B90E00226AF7 /* Table View PracticeUITests.xctest */;
			productType = "com.apple.product-type.bundle.ui-testing";
		};
/* End PBXNativeTarget section */

/* Begin PBXProject section */
		3F86C62E1C46B90E00226AF7 /* Project object */ = {
			isa = PBXProject;
			attributes = {
				LastSwiftUpdateCheck = 0710;
				LastUpgradeCheck = 0710;
				ORGANIZATIONNAME = Student;
				TargetAttributes = {
					3F86C6351C46B90E00226AF7 = {
						CreatedOnToolsVersion = 7.1.1;
					};
					3F86C6491C46B90E00226AF7 = {
						CreatedOnToolsVersion = 7.1.1;
						TestTargetID = 3F86C6351C46B90E00226AF7;
					};
					3F86C6541C46B90E00226AF7 = {
						CreatedOnToolsVersion = 7.1.1;
						TestTargetID = 3F86C6351C46B90E00226AF7;
					};
				};
			};
			buildConfigurationList = 3F86C6311C46B90E00226AF7 /* Build configuration list for PBXProject "Table View Practice" */;
			compatibilityVersion = "Xcode 3.2";
			developmentRegion = English;
			hasScannedForEncodings = 0;
			knownRegions = (
				en,
				Base,
			);
			mainGroup = 3F86C62D1C46B90E00226AF7;
			productRefGroup = 3F86C6371C46B90E00226AF7 /* Products */;
			projectDirPath = "";
			projectRoot = "";
			targets = (
				3F86C6351C46B90E00226AF7 /* Table View Practice */,
				3F86C6491C46B90E00226AF7 /* Table View PracticeTests */,
				3F86C6541C46B90E00226AF7 /* Table View PracticeUITests */,
			);
		};
/* End PBXProject section */

/* Begin PBXResourcesBuildPhase section */
		3F86C6341C46B90E00226AF7 /* Resources */ = {
			isa = PBXResourcesBuildPhase;
			buildActionMask = 2147483647;
			files = (
				3F86C6441C46B90E00226AF7 /* LaunchScreen.storyboard in Resources */,
				3F86C6411C46B90E00226AF7 /* Assets.xcassets in Resources */,
				3F86C63F1C46B90E00226AF7 /* Main.storyboard in Resources */,
			);
			runOnlyForDeploymentPostprocessing = 0;
		};
		3F86C6481C46B90E00226AF7 /* Resources */ = {
			isa = PBXResourcesBuildPhase;
			buildActionMask = 2147483647;
			files = (
			);
			runOnlyForDeploymentPostprocessing = 0;
		};
		3F86C6531C46B90E00226AF7 /* Resources */ = {
			isa = PBXResourcesBuildPhase;
			buildActionMask = 2147483647;
			files = (
			);
			runOnlyForDeploymentPostprocessing = 0;
		};
/* End PBXResourcesBuildPhase section */

/* Begin PBXSourcesBuildPhase section */
		3F86C6321C46B90E00226AF7 /* Sources */ = {
			isa = PBXSourcesBuildPhase;
			buildActionMask = 2147483647;
			files = (
				3F86C63C1C46B90E00226AF7 /* ViewController.swift in Sources */,
				3F86C63A1C46B90E00226AF7 /* AppDelegate.swift in Sources */,
			);
			runOnlyForDeploymentPostprocessing = 0;
		};
		3F86C6461C46B90E00226AF7 /* Sources */ = {
			isa = PBXSourcesBuildPhase;
			buildActionMask = 2147483647;
			files = (
				3F86C64F1C46B90E00226AF7 /* Table_View_PracticeTests.swift in Sources */,
			);
			runOnlyForDeploymentPostprocessing = 0;
		};
		3F86C6511C46B90E00226AF7 /* Sources */ = {
			isa = PBXSourcesBuildPhase;
			buildActionMask = 2147483647;
			files = (
				3F86C65A1C46B90E00226AF7 /* Table_View_PracticeUITests.swift in Sources */,
			);
			runOnlyForDeploymentPostprocessing = 0;
		};
/* End PBXSourcesBuildPhase section */

/* Begin PBXTargetDependency section */
		3F86C64C1C46B90E00226AF7 /* PBXTargetDependency */ = {
			isa = PBXTargetDependency;
			target = 3F86C6351C46B90E00226AF7 /* Table View Practice */;
			targetProxy = 3F86C64B1C46B90E00226AF7 /* PBXContainerItemProxy */;
		};
		3F86C6571C46B90E00226AF7 /* PBXTargetDependency */ = {
			isa = PBXTargetDependency;
			target = 3F86C6351C46B90E00226AF7 /* Table View Practice */;
			targetProxy = 3F86C6561C46B90E00226AF7 /* PBXContainerItemProxy */;
		};
/* End PBXTargetDependency section */

/* Begin PBXVariantGroup section */
		3F86C63D1C46B90E00226AF7 /* Main.storyboard */ = {
			isa = PBXVariantGroup;
			children = (
				3F86C63E1C46B90E00226AF7 /* Base */,
			);
			name = Main.storyboard;
			sourceTree = "<group>";
		};
		3F86C6421C46B90E00226AF7 /* LaunchScreen.storyboard */ = {
			isa = PBXVariantGroup;
			children = (
				3F86C6431C46B90E00226AF7 /* Base */,
			);
			name = LaunchScreen.storyboard;
			sourceTree = "<group>";
		};
/* End PBXVariantGroup section */

/* Begin XCBuildConfiguration section */
		3F86C65C1C46B90E00226AF7 /* Debug */ = {
			isa = XCBuildConfiguration;
			buildSettings = {
				ALWAYS_SEARCH_USER_PATHS = NO;
				CLANG_CXX_LANGUAGE_STANDARD = "gnu++0x";
				CLANG_CXX_LIBRARY = "libc++";
				CLANG_ENABLE_MODULES = YES;
				CLANG_ENABLE_OBJC_ARC = YES;
				CLANG_WARN_BOOL_CONVERSION = YES;
				CLANG_WARN_CONSTANT_CONVERSION = YES;
				CLANG_WARN_DIRECT_OBJC_ISA_USAGE = YES_ERROR;
				CLANG_WARN_EMPTY_BODY = YES;
				CLANG_WARN_ENUM_CONVERSION = YES;
				CLANG_WARN_INT_CONVERSION = YES;
				CLANG_WARN_OBJC_ROOT_CLASS = YES_ERROR;
				CLANG_WARN_UNREACHABLE_CODE = YES;
				CLANG_WARN__DUPLICATE_METHOD_MATCH = YES;
				"CODE_SIGN_IDENTITY[sdk=iphoneos*]" = "iPhone Developer";
				COPY_PHASE_STRIP = NO;
				DEBUG_INFORMATION_FORMAT = dwarf;
				ENABLE_STRICT_OBJC_MSGSEND = YES;
				ENABLE_TESTABILITY = YES;
				GCC_C_LANGUAGE_STANDARD = gnu99;
				GCC_DYNAMIC_NO_PIC = NO;
				GCC_NO_COMMON_BLOCKS = YES;
				GCC_OPTIMIZATION_LEVEL = 0;
				GCC_PREPROCESSOR_DEFINITIONS = (
					"DEBUG=1",
					"$(inherited)",
				);
				GCC_WARN_64_TO_32_BIT_CONVERSION = YES;
				GCC_WARN_ABOUT_RETURN_TYPE = YES_ERROR;
				GCC_WARN_UNDECLARED_SELECTOR = YES;
				GCC_WARN_UNINITIALIZED_AUTOS = YES_AGGRESSIVE;
				GCC_WARN_UNUSED_FUNCTION = YES;
				GCC_WARN_UNUSED_VARIABLE = YES;
				IPHONEOS_DEPLOYMENT_TARGET = 9.1;
				MTL_ENABLE_DEBUG_INFO = YES;
				ONLY_ACTIVE_ARCH = YES;
				SDKROOT = iphoneos;
				SWIFT_OPTIMIZATION_LEVEL = "-Onone";
				TARGETED_DEVICE_FAMILY = "1,2";
			};
			name = Debug;
		};
		3F86C65D1C46B90E00226AF7 /* Release */ = {
			isa = XCBuildConfiguration;
			buildSettings = {
				ALWAYS_SEARCH_USER_PATHS = NO;
				CLANG_CXX_LANGUAGE_STANDARD = "gnu++0x";
				CLANG_CXX_LIBRARY = "libc++";
				CLANG_ENABLE_MODULES = YES;
				CLANG_ENABLE_OBJC_ARC = YES;
				CLANG_WARN_BOOL_CONVERSION = YES;
				CLANG_WARN_CONSTANT_CONVERSION = YES;
				CLANG_WARN_DIRECT_OBJC_ISA_USAGE = YES_ERROR;
				CLANG_WARN_EMPTY_BODY = YES;
				CLANG_WARN_ENUM_CONVERSION = YES;
				CLANG_WARN_INT_CONVERSION = YES;
				CLANG_WARN_OBJC_ROOT_CLASS = YES_ERROR;
				CLANG_WARN_UNREACHABLE_CODE = YES;
				CLANG_WARN__DUPLICATE_METHOD_MATCH = YES;
				"CODE_SIGN_IDENTITY[sdk=iphoneos*]" = "iPhone Developer";
				COPY_PHASE_STRIP = NO;
				DEBUG_INFORMATION_FORMAT = "dwarf-with-dsym";
				ENABLE_NS_ASSERTIONS = NO;
				ENABLE_STRICT_OBJC_MSGSEND = YES;
				GCC_C_LANGUAGE_STANDARD = gnu99;
				GCC_NO_COMMON_BLOCKS = YES;
				GCC_WARN_64_TO_32_BIT_CONVERSION = YES;
				GCC_WARN_ABOUT_RETURN_TYPE = YES_ERROR;
				GCC_WARN_UNDECLARED_SELECTOR = YES;
				GCC_WARN_UNINITIALIZED_AUTOS = YES_AGGRESSIVE;
				GCC_WARN_UNUSED_FUNCTION = YES;
				GCC_WARN_UNUSED_VARIABLE = YES;
				IPHONEOS_DEPLOYMENT_TARGET = 9.1;
				MTL_ENABLE_DEBUG_INFO = NO;
				SDKROOT = iphoneos;
				TARGETED_DEVICE_FAMILY = "1,2";
				VALIDATE_PRODUCT = YES;
			};
			name = Release;
		};
		3F86C65F1C46B90E00226AF7 /* Debug */ = {
			isa = XCBuildConfiguration;
			buildSettings = {
				ASSETCATALOG_COMPILER_APPICON_NAME = AppIcon;
				INFOPLIST_FILE = "Table View Practice/Info.plist";
				LD_RUNPATH_SEARCH_PATHS = "$(inherited) @executable_path/Frameworks";
				PRODUCT_BUNDLE_IDENTIFIER = "brallapalli.Table-View-Practice";
				PRODUCT_NAME = "$(TARGET_NAME)";
			};
			name = Debug;
		};
		3F86C6601C46B90E00226AF7 /* Release */ = {
			isa = XCBuildConfiguration;
			buildSettings = {
				ASSETCATALOG_COMPILER_APPICON_NAME = AppIcon;
				INFOPLIST_FILE = "Table View Practice/Info.plist";
				LD_RUNPATH_SEARCH_PATHS = "$(inherited) @executable_path/Frameworks";
				PRODUCT_BUNDLE_IDENTIFIER = "brallapalli.Table-View-Practice";
				PRODUCT_NAME = "$(TARGET_NAME)";
			};
			name = Release;
		};
		3F86C6621C46B90E00226AF7 /* Debug */ = {
			isa = XCBuildConfiguration;
			buildSettings = {
				BUNDLE_LOADER = "$(TEST_HOST)";
				INFOPLIST_FILE = "Table View PracticeTests/Info.plist";
				LD_RUNPATH_SEARCH_PATHS = "$(inherited) @executable_path/Frameworks @loader_path/Frameworks";
				PRODUCT_BUNDLE_IDENTIFIER = "brallapalli.Table-View-PracticeTests";
				PRODUCT_NAME = "$(TARGET_NAME)";
				TEST_HOST = "$(BUILT_PRODUCTS_DIR)/Table View Practice.app/Table View Practice";
			};
			name = Debug;
		};
		3F86C6631C46B90E00226AF7 /* Release */ = {
			isa = XCBuildConfiguration;
			buildSettings = {
				BUNDLE_LOADER = "$(TEST_HOST)";
				INFOPLIST_FILE = "Table View PracticeTests/Info.plist";
				LD_RUNPATH_SEARCH_PATHS = "$(inherited) @executable_path/Frameworks @loader_path/Frameworks";
				PRODUCT_BUNDLE_IDENTIFIER = "brallapalli.Table-View-PracticeTests";
				PRODUCT_NAME = "$(TARGET_NAME)";
				TEST_HOST = "$(BUILT_PRODUCTS_DIR)/Table View Practice.app/Table View Practice";
			};
			name = Release;
		};
		3F86C6651C46B90E00226AF7 /* Debug */ = {
			isa = XCBuildConfiguration;
			buildSettings = {
				INFOPLIST_FILE = "Table View PracticeUITests/Info.plist";
				LD_RUNPATH_SEARCH_PATHS = "$(inherited) @executable_path/Frameworks @loader_path/Frameworks";
				PRODUCT_BUNDLE_IDENTIFIER = "brallapalli.Table-View-PracticeUITests";
				PRODUCT_NAME = "$(TARGET_NAME)";
				TEST_TARGET_NAME = "Table View Practice";
				USES_XCTRUNNER = YES;
			};
			name = Debug;
		};
		3F86C6661C46B90E00226AF7 /* Release */ = {
			isa = XCBuildConfiguration;
			buildSettings = {
				INFOPLIST_FILE = "Table View PracticeUITests/Info.plist";
				LD_RUNPATH_SEARCH_PATHS = "$(inherited) @executable_path/Frameworks @loader_path/Frameworks";
				PRODUCT_BUNDLE_IDENTIFIER = "brallapalli.Table-View-PracticeUITests";
				PRODUCT_NAME = "$(TARGET_NAME)";
				TEST_TARGET_NAME = "Table View Practice";
				USES_XCTRUNNER = YES;
			};
			name = Release;
		};
/* End XCBuildConfiguration section */

/* Begin XCConfigurationList section */
		3F86C6311C46B90E00226AF7 /* Build configuration list for PBXProject "Table View Practice" */ = {
			isa = XCConfigurationList;
			buildConfigurations = (
				3F86C65C1C46B90E00226AF7 /* Debug */,
				3F86C65D1C46B90E00226AF7 /* Release */,
			);
			defaultConfigurationIsVisible = 0;
			defaultConfigurationName = Release;
		};
		3F86C65E1C46B90E00226AF7 /* Build configuration list for PBXNativeTarget "Table View Practice" */ = {
			isa = XCConfigurationList;
			buildConfigurations = (
				3F86C65F1C46B90E00226AF7 /* Debug */,
				3F86C6601C46B90E00226AF7 /* Release */,
			);
			defaultConfigurationIsVisible = 0;
		};
		3F86C6611C46B90E00226AF7 /* Build configuration list for PBXNativeTarget "Table View PracticeTests" */ = {
			isa = XCConfigurationList;
			buildConfigurations = (
				3F86C6621C46B90E00226AF7 /* Debug */,
				3F86C6631C46B90E00226AF7 /* Release */,
			);
			defaultConfigurationIsVisible = 0;
		};
		3F86C6641C46B90E00226AF7 /* Build configuration list for PBXNativeTarget "Table View PracticeUITests" */ = {
			isa = XCConfigurationList;
			buildConfigurations = (
				3F86C6651C46B90E00226AF7 /* Debug */,
				3F86C6661C46B90E00226AF7 /* Release */,
			);
			defaultConfigurationIsVisible = 0;
		};
/* End XCConfigurationList section */
	};
	rootObject = 3F86C62E1C46B90E00226AF7 /* Project object */;
}
